
Microsoft Visual Studio Solution File, Format Version 12.00
# Visual Studio Version 16
VisualStudioVersion = 16.0.30104.148
MinimumVisualStudioVersion = 10.0.40219.1
Project("{8BC9CEB8-8B4A-11D0-8D11-00A0C91BC942}") = "Solver", "Solver.vcxproj", "{316CAB82-1C74-4389-A443-3A8605702A14}"
EndProject
Global
	GlobalSection(SolutionConfigurationPlatforms) = preSolution
		Debug|x64 = Debug|x64
		Debug|x86 = Debug|x86
		Release|x64 = Release|x64
		Release|x86 = Release|x86
	EndGlobalSection
	GlobalSection(ProjectConfigurationPlatforms) = postSolution
		{316CAB82-1C74-4389-A443-3A8605702A14}.Debug|x64.ActiveCfg = Debug|x64
		{316CAB82-1C74-4389-A443-3A8605702A14}.Debug|x64.Build.0 = Debug|x64
		{316CAB82-1C74-4389-A443-3A8605702A14}.Debug|x86.ActiveCfg = Debug|Win32
		{316CAB82-1C74-4389-A443-3A8605702A14}.Debug|x86.Build.0 = Debug|Win32
		{316CAB82-1C74-4389-A443-3A8605702A14}.Release|x64.ActiveCfg = Release|x64
		{316CAB82-1C74-4389-A443-3A8605702A14}.Release|x64.Build.0 = Release|x64
		{316CAB82-1C74-4389-A443-3A8605702A14}.Release|x86.ActiveCfg = Release|Win32
		{316CAB82-1C74-4389-A443-3A8605702A14}.Release|x86.Build.0 = Release|Win32
	EndGlobalSection
	GlobalSection(SolutionProperties) = preSolution
		HideSolutionNode = FALSE
	EndGlobalSection
	GlobalSection(ExtensibilityGlobals) = postSolution
		SolutionGuid = {0E07E610-7AAE-4EC2-85C6-0AF6271BE819}
	EndGlobalSection
EndGlobal
